
Microsoft Visual Studio Solution File, Format Version 12.00
# Visual Studio 2013
VisualStudioVersion = 12.0.21005.1
Project("{FAE04EC0-301F-11D3-BF4B-00C04F79EFBC}") = "ComSvcConfig", "ndp\cdf\src\WCF\Tools\comsvcutil\ComSvcConfig.csproj", "{754d0ca2-297e-4401-848f-f1924317f1ed}"
EndProject
Project("{FAE04EC0-301F-11D3-BF4B-00C04F79EFBC}") = "mscorlib", "ndp\clr\src\bcl\mscorlib.csproj", "{7c36d311-04e5-48ad-8d3f-f969b3e24ddd}"
EndProject
Project("{FAE04EC0-301F-11D3-BF4B-00C04F79EFBC}") = "PresentationBuildTasks", "wpf\src\PresentationBuildTasks.csproj", "{1e25a4cb-c702-4eec-883a-51569591aa53}"
EndProject
Project("{FAE04EC0-301F-11D3-BF4B-00C04F79EFBC}") = "PresentationCore", "wpf\src\PresentationCore.csproj", "{395e27ce-8277-441f-8dba-265dc9159132}"
EndProject
Project("{FAE04EC0-301F-11D3-BF4B-00C04F79EFBC}") = "PresentationFramework", "wpf\PresentationFramework.csproj", "{ff4ccb1e-5744-474d-a1d5-241edfe082d3}"
EndProject
Project("{FAE04EC0-301F-11D3-BF4B-00C04F79EFBC}") = "PresentationFramework.Aero", "wpf\src\Themes\Aero\PresentationFramework.Aero.csproj", "{5f4f5da2-2697-49ec-8c9f-b31296f85a79}"
EndProject
Project("{FAE04EC0-301F-11D3-BF4B-00C04F79EFBC}") = "PresentationFramework.Classic", "wpf\src\Themes\Classic\PresentationFramework.Classic.csproj", "{dbb15b70-b295-4a2a-a2c9-4500dd06a8c9}"
EndProject
Project("{FAE04EC0-301F-11D3-BF4B-00C04F79EFBC}") = "PresentationFramework.Luna", "wpf\src\Themes\Luna\PresentationFramework.Luna.csproj", "{8d88ae62-5091-4c29-8411-9e9dc7ccd76b}"
EndProject
Project("{FAE04EC0-301F-11D3-BF4B-00C04F79EFBC}") = "PresentationFramework.Royale", "wpf\src\Themes\Royale\PresentationFramework.Royale.csproj", "{ff3f2dc9-6400-469c-b5f5-339a4b44e00a}"
EndProject
Project("{FAE04EC0-301F-11D3-BF4B-00C04F79EFBC}") = "SMDiagnostics", "ndp\cdf\src\WCF\SMDiagnostics\SMDiagnostics.csproj", "{57c62ad0-4a16-4de2-9c2f-f24cc3dabf84}"
EndProject
Project("{FAE04EC0-301F-11D3-BF4B-00C04F79EFBC}") = "SMSvcHost", "ndp\cdf\src\WCF\SMSvcHost\SMSvcHost.csproj", "{0a108292-1f98-42d5-b234-85bda4aee72d}"
EndProject
Project("{FAE04EC0-301F-11D3-BF4B-00C04F79EFBC}") = "svcutil", "ndp\cdf\src\WCF\Tools\svcutil\svcutil.csproj", "{5345e03f-234f-4ec0-a267-c6a0e658b95d}"
EndProject
Project("{FAE04EC0-301F-11D3-BF4B-00C04F79EFBC}") = "System", "ndp\fx\src\System.csproj", "{45b8d1e3-adb9-41bc-b6f4-de3c79a3d157}"
EndProject
Project("{FAE04EC0-301F-11D3-BF4B-00C04F79EFBC}") = "System.Activities", "ndp\cdf\src\NetFx40\System.Activities\System.Activities.csproj", "{5881c4d0-7958-44b0-a1d9-cbc7b9cea6b5}"
EndProject
Project("{FAE04EC0-301F-11D3-BF4B-00C04F79EFBC}") = "System.Activities.Core.Presentation", "ndp\cdf\src\NetFx40\Tools\System.Activities.Core.Presentation\System.Activities.Core.Presentation.csproj", "{2fb93f9b-0997-47dc-9aea-55e5c35d692e}"
EndProject
Project("{FAE04EC0-301F-11D3-BF4B-00C04F79EFBC}") = "System.Activities.DurableInstancing", "ndp\cdf\src\NetFx40\System.Activities.DurableInstancing\System.Activities.DurableInstancing.csproj", "{0bc4605c-10f2-4207-bd5e-605ab28bd646}"
EndProject
Project("{FAE04EC0-301F-11D3-BF4B-00C04F79EFBC}") = "System.Activities.Presentation", "ndp\cdf\src\NetFx40\Tools\System.Activities.Presentation.csproj", "{a4a6ea3a-a06d-4531-9075-e31f2ffe473b}"
EndProject
Project("{FAE04EC0-301F-11D3-BF4B-00C04F79EFBC}") = "System.AddIn", "ndp\fx\src\AddIn\AddIn\System.AddIn.csproj", "{f8cb68e9-8ed0-485a-94fd-ac278693faba}"
EndProject
Project("{FAE04EC0-301F-11D3-BF4B-00C04F79EFBC}") = "System.AddIn.Contract", "ndp\fx\src\AddIn\Contract\System.AddIn.Contract.csproj", "{5bf4ab91-186e-4ae6-8545-6daeee8ac6a5}"
EndProject
Project("{FAE04EC0-301F-11D3-BF4B-00C04F79EFBC}") = "System.ComponentModel.DataAnnotations", "ndp\fx\src\xsp\system\DataAnnotations\System.ComponentModel.DataAnnotations.csproj", "{78ef2fd0-cc3d-48ad-8ab6-fe3147a7fd06}"
EndProject
Project("{FAE04EC0-301F-11D3-BF4B-00C04F79EFBC}") = "System.Configuration", "ndp\fx\src\Configuration\System.Configuration.csproj", "{32b059d5-61a1-47d6-9bd6-6bdc8660cfad}"
EndProject
Project("{FAE04EC0-301F-11D3-BF4B-00C04F79EFBC}") = "System.Core", "ndp\fx\src\Core\System.Core.csproj", "{027422eb-9e92-49f3-b8bb-ee9b97985138}"
EndProject
Project("{FAE04EC0-301F-11D3-BF4B-00C04F79EFBC}") = "System.Data", "ndp\fx\src\data\System.Data.csproj", "{bd91c18e-116c-453e-b644-3855114e0c82}"
EndProject
Project("{FAE04EC0-301F-11D3-BF4B-00C04F79EFBC}") = "System.Data.DataSetExtensions", "ndp\fx\src\DataSet\System.Data.DataSetExtensions.csproj", "{77c610d5-2862-4268-9245-ba6507011658}"
EndProject
Project("{FAE04EC0-301F-11D3-BF4B-00C04F79EFBC}") = "System.Data.Entity", "ndp\fx\src\DataEntity\System.Data.Entity.csproj", "{91a676cc-011a-4fa1-ad1e-f0aa7ecf4255}"
EndProject
Project("{FAE04EC0-301F-11D3-BF4B-00C04F79EFBC}") = "System.Data.Entity.Design", "ndp\fx\src\DataEntityDesign\Design\System.Data.Entity.Design.csproj", "{d129738f-4cfc-483d-96c5-75ff00f6326c}"
EndProject
Project("{FAE04EC0-301F-11D3-BF4B-00C04F79EFBC}") = "System.Data.Linq", "ndp\fx\src\DLinq\Dlinq\System.Data.Linq.csproj", "{e5da71d3-1259-4721-a45c-988bed43be7f}"
EndProject
Project("{FAE04EC0-301F-11D3-BF4B-00C04F79EFBC}") = "System.Data.Services", "ndp\fx\src\DataWeb\Server\System.Data.Services.csproj", "{99801837-f957-4c88-bb0a-41aa2803ed62}"
EndProject
Project("{FAE04EC0-301F-11D3-BF4B-00C04F79EFBC}") = "System.Data.Services.Client", "ndp\fx\src\DataWeb\System.Data.Services.Client.csproj", "{40814992-beaf-405c-9910-ece572c38b61}"
EndProject
Project("{FAE04EC0-301F-11D3-BF4B-00C04F79EFBC}") = "System.Data.Services.Design", "ndp\fx\src\DataWeb\Design\System.Data.Services.Design.csproj", "{24438917-ac0c-4091-9483-f02d4de07526}"
EndProject
Project("{FAE04EC0-301F-11D3-BF4B-00C04F79EFBC}") = "System.Data.SqlXml", "ndp\fx\src\XmlUtils\System.Data.SqlXml.csproj", "{4eb004c3-705b-490f-9597-a0da7f72dc2b}"
EndProject
Project("{FAE04EC0-301F-11D3-BF4B-00C04F79EFBC}") = "System.Drawing", "ndp\fx\src\System.Drawing.csproj", "{56c1ebe4-7318-40f7-a6b3-eced5deb84a0}"
EndProject
Project("{FAE04EC0-301F-11D3-BF4B-00C04F79EFBC}") = "System.IdentityModel", "ndp\cdf\src\WCF\IdentityModel\System.IdentityModel.csproj", "{2d690e83-3234-4e45-8501-7125de447277}"
EndProject
Project("{FAE04EC0-301F-11D3-BF4B-00C04F79EFBC}") = "System.IdentityModel.Selectors", "ndp\cdf\src\WCF\System.IdentityModel.Selectors.csproj", "{26b7b2c1-5379-4491-8289-ec172fedfc36}"
EndProject
Project("{FAE04EC0-301F-11D3-BF4B-00C04F79EFBC}") = "System.IO.Compression.FileSystem", "ndp\fx\src\System.IO.Compression.FileSystem.csproj", "{1182a875-1eff-482d-b16d-e6c9e7b9ccce}"
EndProject
Project("{FAE04EC0-301F-11D3-BF4B-00C04F79EFBC}") = "System.IO.Log", "ndp\cdf\src\NetFx35\System.IO.Log\System.IO.Log.csproj", "{53c9bfd5-f2e9-4468-ac2e-673a3bba4798}"
EndProject
Project("{FAE04EC0-301F-11D3-BF4B-00C04F79EFBC}") = "System.Management", "ndp\fx\src\wmi\managed\System\Management\System.Management.csproj", "{2242edbe-710a-4810-a3b0-78fb333e8d15}"
EndProject
Project("{FAE04EC0-301F-11D3-BF4B-00C04F79EFBC}") = "System.Messaging", "ndp\cdf\src\NetFx20\System.Messaging\System.Messaging.csproj", "{fe0c2e7e-0f9c-4e16-a5aa-044065a4421e}"
EndProject
Project("{FAE04EC0-301F-11D3-BF4B-00C04F79EFBC}") = "System.Net", "ndp\fx\src\SystemNet\System.Net.csproj", "{da8f0262-e01c-4fc4-88b0-62be2fe0602e}"
EndProject
Project("{FAE04EC0-301F-11D3-BF4B-00C04F79EFBC}") = "System.Numerics", "ndp\fx\src\Numerics\System.Numerics.csproj", "{8f8b0a52-c276-486a-b47e-bcdd67bfdcc4}"
EndProject
Project("{FAE04EC0-301F-11D3-BF4B-00C04F79EFBC}") = "System.Runtime.Caching", "ndp\fx\src\Caching\System.Runtime.Caching.csproj", "{7364e709-b86b-45ca-abd3-42a3ffc6e0d6}"
EndProject
Project("{FAE04EC0-301F-11D3-BF4B-00C04F79EFBC}") = "System.Runtime.DurableInstancing", "ndp\cdf\src\NetFx40\System.Runtime.DurableInstancing\System.Runtime.DurableInstancing.csproj", "{ba2de438-41d6-4b1c-820b-03eac1c49fb6}"
EndProject
Project("{FAE04EC0-301F-11D3-BF4B-00C04F79EFBC}") = "System.Runtime.Remoting", "ndp\clr\src\managedlibraries\remoting\System.Runtime.Remoting.csproj", "{f480b357-4856-41cc-b431-3236089a07a6}"
EndProject
Project("{FAE04EC0-301F-11D3-BF4B-00C04F79EFBC}") = "System.Runtime.Serialization", "ndp\cdf\src\WCF\Serialization\System.Runtime.Serialization.csproj", "{26f214c7-c06f-4f39-9067-14ca49bb6c63}"
EndProject
Project("{FAE04EC0-301F-11D3-BF4B-00C04F79EFBC}") = "System.Security", "ndp\clr\src\managedlibraries\security\System.Security.csproj", "{7537e9c3-586c-4cf6-87d5-791a0e795cbb}"
EndProject
Project("{FAE04EC0-301F-11D3-BF4B-00C04F79EFBC}") = "System.ServiceModel", "ndp\cdf\src\WCF\ServiceModel\System.ServiceModel.csproj", "{db4551af-20eb-44d1-badd-04e5a03c21fd}"
EndProject
Project("{FAE04EC0-301F-11D3-BF4B-00C04F79EFBC}") = "System.ServiceModel.Activation", "ndp\cdf\src\WCF\System.ServiceModel.Activation\System.ServiceModel.Activation.csproj", "{60d12e06-c7d5-4e0f-9a91-f3d1d4d1aea9}"
EndProject
Project("{FAE04EC0-301F-11D3-BF4B-00C04F79EFBC}") = "System.ServiceModel.Activities", "ndp\cdf\src\NetFx40\System.ServiceModel.Activities\System.ServiceModel.Activities.csproj", "{9c8c3432-f70b-4e0e-9df7-30e099baf06f}"
EndProject
Project("{FAE04EC0-301F-11D3-BF4B-00C04F79EFBC}") = "System.ServiceModel.Channels", "ndp\cdf\src\NetFx40\System.ServiceModel.Channels\System.ServiceModel.Channels.csproj", "{4abf28ee-1fe3-48f6-83c5-e294d2a5ff64}"
EndProject
Project("{FAE04EC0-301F-11D3-BF4B-00C04F79EFBC}") = "System.ServiceModel.Discovery", "ndp\cdf\src\NetFx40\System.ServiceModel.Discovery\System.ServiceModel.Discovery.csproj", "{ddaea693-c6dd-468c-b542-5ee14d85909e}"
EndProject
Project("{FAE04EC0-301F-11D3-BF4B-00C04F79EFBC}") = "System.ServiceModel.Internals", "ndp\cdf\src\System.ServiceModel.Internals\System.ServiceModel.Internals.csproj", "{8a160541-0620-4d61-9617-5843d21c89e3}"
EndProject
Project("{FAE04EC0-301F-11D3-BF4B-00C04F79EFBC}") = "System.ServiceModel.Routing", "ndp\cdf\src\NetFx40\System.ServiceModel.Routing\System.ServiceModel.Routing.csproj", "{2256cbd2-0392-45c4-bad0-8e01c62d0e0d}"
EndProject
Project("{FAE04EC0-301F-11D3-BF4B-00C04F79EFBC}") = "System.ServiceModel.WasHosting", "ndp\cdf\src\WCF\WasHosting\System.ServiceModel.WasHosting.csproj", "{4158e096-18b5-4002-a7fd-f12f7d33fe83}"
EndProject
Project("{FAE04EC0-301F-11D3-BF4B-00C04F79EFBC}") = "System.ServiceModel.Web", "ndp\cdf\src\NetFx35\System.ServiceModel.Web\System.ServiceModel.Web.csproj", "{6058454e-125b-453e-b1f1-e4cf4c09d8f2}"
EndProject
Project("{FAE04EC0-301F-11D3-BF4B-00C04F79EFBC}") = "System.Transactions", "ndp\cdf\src\NetFx20\System.Transactions\System.Transactions.csproj", "{ab276eb2-3ae1-4c4b-b273-c1e321fa056d}"
EndProject
Project("{FAE04EC0-301F-11D3-BF4B-00C04F79EFBC}") = "System.Web", "ndp\fx\src\xsp\system\Web\System.Web.csproj", "{e87e7613-2003-4553-b407-ac6ac169e436}"
EndProject
Project("{FAE04EC0-301F-11D3-BF4B-00C04F79EFBC}") = "System.Web.ApplicationServices", "ndp\fx\src\xsp\system\ApplicationServices\System.Web.ApplicationServices.csproj", "{fb33cb2f-85d0-4086-96f9-7365b4a6e966}"
EndProject
Project("{FAE04EC0-301F-11D3-BF4B-00C04F79EFBC}") = "System.Web.DynamicData", "ndp\fx\src\xsp\system\DynamicData\System.Web.DynamicData.csproj", "{7ae7b59b-a154-4828-b882-82462ef46c56}"
EndProject
Project("{FAE04EC0-301F-11D3-BF4B-00C04F79EFBC}") = "System.Web.Entity", "ndp\fx\src\DataWebControls\System.Web.Entity.csproj", "{c9cb682d-33e8-487f-9e91-ea7064ef5914}"
EndProject
Project("{FAE04EC0-301F-11D3-BF4B-00C04F79EFBC}") = "System.Web.Entity.Design", "ndp\fx\src\DataWebControlsDesign\System.Web.Entity.Design.csproj", "{cada5f73-ae87-422c-a140-ee1bffbd9fcf}"
EndProject
Project("{FAE04EC0-301F-11D3-BF4B-00C04F79EFBC}") = "System.Web.Extensions", "ndp\fx\src\xsp\system\Extensions\System.Web.Extensions.csproj", "{87446755-576f-4f56-a5f7-0b6079450cfd}"
EndProject
Project("{FAE04EC0-301F-11D3-BF4B-00C04F79EFBC}") = "System.Web.Mobile", "ndp\fx\src\mit\System\Web\System.Web.Mobile.csproj", "{151e137c-b364-4b38-a584-a0d5d0b8bf88}"
EndProject
Project("{FAE04EC0-301F-11D3-BF4B-00C04F79EFBC}") = "System.Web.Services", "ndp\cdf\src\NetFx20\System.Web.Services\System.Web.Services.csproj", "{168d19b6-593a-40bd-91b9-190cbc64d3d0}"
EndProject
Project("{FAE04EC0-301F-11D3-BF4B-00C04F79EFBC}") = "System.Windows.Forms", "ndp\fx\src\System.Windows.Forms.csproj", "{81ab4a01-276f-4b4f-8e1a-8791127bea7b}"
EndProject
Project("{FAE04EC0-301F-11D3-BF4B-00C04F79EFBC}") = "System.Workflow.Activities", "ndp\cdf\src\WF\Activities\System.Workflow.Activities.csproj", "{c458ec3f-30f4-48e3-9256-34fc8b0388ab}"
EndProject
Project("{FAE04EC0-301F-11D3-BF4B-00C04F79EFBC}") = "System.Workflow.ComponentModel", "ndp\cdf\src\WF\Common\System.Workflow.ComponentModel.csproj", "{0564edf1-d5f4-4029-8403-2206e1396719}"
EndProject
Project("{FAE04EC0-301F-11D3-BF4B-00C04F79EFBC}") = "System.Workflow.Runtime", "ndp\cdf\src\WF\RunTime\System.Workflow.Runtime.csproj", "{8512b9a4-b97d-4af3-acd3-207dabb9f8a5}"
EndProject
Project("{FAE04EC0-301F-11D3-BF4B-00C04F79EFBC}") = "System.WorkflowServices", "ndp\cdf\src\NetFx35\System.WorkflowServices\System.WorkflowServices.csproj", "{b5315dc3-c9c2-485c-8d57-13b978e455ba}"
EndProject
Project("{FAE04EC0-301F-11D3-BF4B-00C04F79EFBC}") = "System.Xaml.Hosting", "ndp\cdf\src\NetFx40\System.Xaml.Hosting\System.Xaml.Hosting.csproj", "{debd3530-b6ca-49f0-89ae-54fa3cf68f81}"
EndProject
Project("{FAE04EC0-301F-11D3-BF4B-00C04F79EFBC}") = "System.Xml", "ndp\fx\src\Xml\System.Xml.csproj", "{de666f01-fb7c-4239-a4b1-91741ed0c421}"
EndProject
Project("{FAE04EC0-301F-11D3-BF4B-00C04F79EFBC}") = "System.Xml.Linq", "ndp\fx\src\XLinq\System.Xml.Linq.csproj", "{a39f0b4e-897f-4a3a-af5e-6b2c728332ce}"
EndProject
Project("{FAE04EC0-301F-11D3-BF4B-00C04F79EFBC}") = "UIAutomationClient", "wpf\src\UIAutomation\UIAutomationClient\UIAutomationClient.csproj", "{a624a509-e440-4593-9d55-f3b56c136756}"
EndProject
Project("{FAE04EC0-301F-11D3-BF4B-00C04F79EFBC}") = "UIAutomationClientsideProviders", "wpf\src\UIAutomation\Win32Providers\UIAutomationClientsideProviders.csproj", "{7cd6bf97-bd58-460e-a927-e781c904d6fc}"
EndProject
Project("{FAE04EC0-301F-11D3-BF4B-00C04F79EFBC}") = "WindowsBase", "wpf\src\WindowsBase.csproj", "{2fbfec40-d5b1-4297-92c7-f05be01f1962}"
EndProject
Project("{FAE04EC0-301F-11D3-BF4B-00C04F79EFBC}") = "WsatConfig", "ndp\cdf\src\WCF\Tools\WsatConfig\WsatConfig.csproj", "{d50be3b8-4dd6-4043-8325-4ad7e109e787}"
EndProject
Project("{FAE04EC0-301F-11D3-BF4B-00C04F79EFBC}") = "WsatUI", "ndp\cdf\src\WCF\Tools\WsatConfig\WsatUI.csproj", "{5cbc10fb-ab12-4ecc-b378-fdea814a9675}"
EndProject
Project("{FAE04EC0-301F-11D3-BF4B-00C04F79EFBC}") = "XamlBuildTask", "ndp\cdf\src\NetFx40\XamlBuildTask\XamlBuildTask.csproj", "{6046908f-5be7-45db-ad28-af44112e4bd7}"
EndProject
Global
    GlobalSection(SolutionConfigurationPlatforms) = preSolution
    EndGlobalSection
    GlobalSection(ProjectConfigurationPlatforms) = postSolution
    EndGlobalSection
    GlobalSection(SolutionProperties) = preSolution
        HideSolutionNode = FALSE
    EndGlobalSection
EndGlobal

